
Microsoft Visual Studio Solution File, Format Version 12.00
# Visual Studio 15
VisualStudioVersion = 15.0.28307.421
MinimumVisualStudioVersion = 10.0.40219.1
Project("{9092AA53-FB77-4645-B42D-1CCCA6BD08BD}") = "SolutionGraph", "SolutionGraph.njsproj", "{FA98DB05-857E-4004-86B8-1913837B3422}"
EndProject
Global
	GlobalSection(SolutionConfigurationPlatforms) = preSolution
		Debug|Any CPU = Debug|Any CPU
		Release|Any CPU = Release|Any CPU
	EndGlobalSection
	GlobalSection(ProjectConfigurationPlatforms) = postSolution
		{FA98DB05-857E-4004-86B8-1913837B3422}.Debug|Any CPU.ActiveCfg = Debug|Any CPU
		{FA98DB05-857E-4004-86B8-1913837B3422}.Debug|Any CPU.Build.0 = Debug|Any CPU
		{FA98DB05-857E-4004-86B8-1913837B3422}.Release|Any CPU.ActiveCfg = Release|Any CPU
		{FA98DB05-857E-4004-86B8-1913837B3422}.Release|Any CPU.Build.0 = Release|Any CPU
	EndGlobalSection
	GlobalSection(SolutionProperties) = preSolution
		HideSolutionNode = FALSE
	EndGlobalSection
	GlobalSection(ExtensibilityGlobals) = postSolution
		SolutionGuid = {43A9C872-D912-497B-B8BB-3FD26EF14A87}
	EndGlobalSection
EndGlobal
